
Microsoft Visual Studio Solution File, Format Version 12.00
# Visual Studio 2017
Project("{FAE04EC0-301F-11D3-BF4B-00C04F79EFBC}") = "HordeEngine", "HordeEngine.csproj", "{6E871ED1-C874-5081-BAF0-856AF21CE905}"
EndProject
Project("{FAE04EC0-301F-11D3-BF4B-00C04F79EFBC}") = "HordeEngine.Editor", "HordeEngine.Editor.csproj", "{30B0F6B5-16F8-F817-A720-353E8A28A4CC}"
EndProject
Project("{FAE04EC0-301F-11D3-BF4B-00C04F79EFBC}") = "Unity.PackageManagerUI.Editor", "Unity.PackageManagerUI.Editor.csproj", "{6877705C-FBD9-0C4F-5AFB-6FB431E5D39D}"
EndProject
Global
	GlobalSection(SolutionConfigurationPlatforms) = preSolution
		Debug|Any CPU = Debug|Any CPU
		Release|Any CPU = Release|Any CPU
	EndGlobalSection
	GlobalSection(ProjectConfigurationPlatforms) = postSolution
		{6E871ED1-C874-5081-BAF0-856AF21CE905}.Debug|Any CPU.ActiveCfg = Debug|Any CPU
		{6E871ED1-C874-5081-BAF0-856AF21CE905}.Debug|Any CPU.Build.0 = Debug|Any CPU
		{6E871ED1-C874-5081-BAF0-856AF21CE905}.Release|Any CPU.ActiveCfg = Release|Any CPU
		{6E871ED1-C874-5081-BAF0-856AF21CE905}.Release|Any CPU.Build.0 = Release|Any CPU
		{30B0F6B5-16F8-F817-A720-353E8A28A4CC}.Debug|Any CPU.ActiveCfg = Debug|Any CPU
		{30B0F6B5-16F8-F817-A720-353E8A28A4CC}.Debug|Any CPU.Build.0 = Debug|Any CPU
		{30B0F6B5-16F8-F817-A720-353E8A28A4CC}.Release|Any CPU.ActiveCfg = Release|Any CPU
		{30B0F6B5-16F8-F817-A720-353E8A28A4CC}.Release|Any CPU.Build.0 = Release|Any CPU
		{6877705C-FBD9-0C4F-5AFB-6FB431E5D39D}.Debug|Any CPU.ActiveCfg = Debug|Any CPU
		{6877705C-FBD9-0C4F-5AFB-6FB431E5D39D}.Debug|Any CPU.Build.0 = Debug|Any CPU
		{6877705C-FBD9-0C4F-5AFB-6FB431E5D39D}.Release|Any CPU.ActiveCfg = Release|Any CPU
		{6877705C-FBD9-0C4F-5AFB-6FB431E5D39D}.Release|Any CPU.Build.0 = Release|Any CPU
	EndGlobalSection
	GlobalSection(SolutionProperties) = preSolution
		HideSolutionNode = FALSE
	EndGlobalSection
EndGlobal
