
Microsoft Visual Studio Solution File, Format Version 12.00
# Visual Studio 15
Project("{FAE04EC0-301F-11D3-BF4B-00C04F79EFBC}") = "HordeEngine", "Assembly-CSharp.csproj", "{5BE36E0C-F4D8-A8CD-3D97-A59EFA841709}"
EndProject
Project("{FAE04EC0-301F-11D3-BF4B-00C04F79EFBC}") = "HordeEngine", "Assembly-CSharp-Editor.csproj", "{B6736AB1-9BB0-8551-9DDB-6E7BF3C907DA}"
EndProject
Global
	GlobalSection(SolutionConfigurationPlatforms) = preSolution
		Debug|Any CPU = Debug|Any CPU
		Release|Any CPU = Release|Any CPU
	EndGlobalSection
	GlobalSection(ProjectConfigurationPlatforms) = postSolution
		{5BE36E0C-F4D8-A8CD-3D97-A59EFA841709}.Debug|Any CPU.ActiveCfg = Debug|Any CPU
		{5BE36E0C-F4D8-A8CD-3D97-A59EFA841709}.Debug|Any CPU.Build.0 = Debug|Any CPU
		{5BE36E0C-F4D8-A8CD-3D97-A59EFA841709}.Release|Any CPU.ActiveCfg = Release|Any CPU
		{5BE36E0C-F4D8-A8CD-3D97-A59EFA841709}.Release|Any CPU.Build.0 = Release|Any CPU
		{B6736AB1-9BB0-8551-9DDB-6E7BF3C907DA}.Debug|Any CPU.ActiveCfg = Debug|Any CPU
		{B6736AB1-9BB0-8551-9DDB-6E7BF3C907DA}.Debug|Any CPU.Build.0 = Debug|Any CPU
		{B6736AB1-9BB0-8551-9DDB-6E7BF3C907DA}.Release|Any CPU.ActiveCfg = Release|Any CPU
		{B6736AB1-9BB0-8551-9DDB-6E7BF3C907DA}.Release|Any CPU.Build.0 = Release|Any CPU
	EndGlobalSection
	GlobalSection(SolutionProperties) = preSolution
		HideSolutionNode = FALSE
	EndGlobalSection
EndGlobal
